
Microsoft Visual Studio Solution File, Format Version 12.00
# Visual Studio Version 17
VisualStudioVersion = 17.14.36915.13 d17.14
MinimumVisualStudioVersion = 10.0.40219.1
Project("{2150E333-8FDC-42A3-9474-1A3956D46DE8}") = "Task0", "Task0", "{02EA681E-C7D8-13C7-8484-4AC65E1B71E8}"
EndProject
Project("{FAE04EC0-301F-11D3-BF4B-00C04F79EFBC}") = "Tyuiu.SamolovovaOA.Sprint6.Task0.V8.Lib", "Tyuiu.SamolovovaOA.Sprint6.Task0.V8.Lib\Tyuiu.SamolovovaOA.Sprint6.Task0.V8.Lib.csproj", "{1D0DCC20-6BE7-42CB-87C5-CA6D8E9D1FE9}"
EndProject
Project("{FAE04EC0-301F-11D3-BF4B-00C04F79EFBC}") = "Tyuiu.SamolovovaOA.Sprint6.Task0.V8.Test", "Tyuiu.SamolovovaOA.Sprint6.Task0.V8.Test\Tyuiu.SamolovovaOA.Sprint6.Task0.V8.Test.csproj", "{18AF8C91-2F3E-44A5-9D0A-6033E176FEC3}"
EndProject
Project("{FAE04EC0-301F-11D3-BF4B-00C04F79EFBC}") = "Tyuiu.SamolovovaOA.Sprint6.Task0.V8", "Tyuiu.SamolovovaOA.Sprint6.Task0.V8\Tyuiu.SamolovovaOA.Sprint6.Task0.V8.csproj", "{CB2E6F1C-3A3C-4FAA-8B7E-D646AD68A3B5}"
EndProject
Project("{2150E333-8FDC-42A3-9474-1A3956D46DE8}") = "Task1", "Task1", "{5BA5124B-C749-4718-860E-C9CDB089FD4A}"
EndProject
Project("{FAE04EC0-301F-11D3-BF4B-00C04F79EFBC}") = "Tyuiu.SamolovovaOA.Sprint6.Task1.V26.Lib", "Tyuiu.SamolovovaOA.Sprint6.Task1.V26.Lib\Tyuiu.SamolovovaOA.Sprint6.Task1.V26.Lib.csproj", "{CFF0EC5F-01F3-4AE2-BBF8-83197179BD6C}"
EndProject
Project("{FAE04EC0-301F-11D3-BF4B-00C04F79EFBC}") = "Tyuiu.SamolovovaOA.Sprint6.Task1.V26.Test", "Tyuiu.SamolovovaOA.Sprint6.Task1.V26.Test\Tyuiu.SamolovovaOA.Sprint6.Task1.V26.Test.csproj", "{410621E3-B1D0-462C-8D34-A9B3E284F20F}"
EndProject
Project("{FAE04EC0-301F-11D3-BF4B-00C04F79EFBC}") = "Tyuiu.SamolovovaOA.Sprint6.Task1.V26", "Tyuiu.SamolovovaOA.Sprint6.Task1.V26\Tyuiu.SamolovovaOA.Sprint6.Task1.V26.csproj", "{7A768EF5-41C5-438A-B8A6-B35FC88A3892}"
EndProject
Project("{2150E333-8FDC-42A3-9474-1A3956D46DE8}") = "Task2", "Task2", "{AD39F88B-BE46-4CE7-8007-21F409EDAA5B}"
EndProject
Project("{2150E333-8FDC-42A3-9474-1A3956D46DE8}") = "Task3", "Task3", "{6A42CF6A-35D8-450A-9654-806C31F94ED0}"
EndProject
Project("{2150E333-8FDC-42A3-9474-1A3956D46DE8}") = "Task4", "Task4", "{1B040947-D243-452E-A18B-CDA35AB37903}"
EndProject
Project("{2150E333-8FDC-42A3-9474-1A3956D46DE8}") = "Task5", "Task5", "{9BBFB8BF-7351-43F1-9229-55276C9445EC}"
EndProject
Project("{2150E333-8FDC-42A3-9474-1A3956D46DE8}") = "Task6", "Task6", "{D5AF1EDD-E666-4428-825B-F842719160F9}"
EndProject
Project("{2150E333-8FDC-42A3-9474-1A3956D46DE8}") = "Task7", "Task7", "{40668D28-6E6B-458D-A2A6-6FB20EC49AE4}"
EndProject
Project("{FAE04EC0-301F-11D3-BF4B-00C04F79EFBC}") = "Tyuiu.SamolovovaOA.Sprint6.Task2.V12", "Tyuiu.SamolovovaOA.Sprint6.Task2.V12\Tyuiu.SamolovovaOA.Sprint6.Task2.V12.csproj", "{3350B88C-531E-40C7-A5AE-B5F2CF4184CF}"
EndProject
Project("{FAE04EC0-301F-11D3-BF4B-00C04F79EFBC}") = "Tyuiu.SamolovovaOA.Sprint6.Task2.V12.Lib", "Tyuiu.SamolovovaOA.Sprint6.Task2.V12.Lib\Tyuiu.SamolovovaOA.Sprint6.Task2.V12.Lib.csproj", "{C060947B-FC3D-48F8-93A0-19E5E825AF99}"
EndProject
Project("{FAE04EC0-301F-11D3-BF4B-00C04F79EFBC}") = "Tyuiu.SamolovovaOA.Sprint6.Task2.V12.Test", "Tyuiu.SamolovovaOA.Sprint6.Task2.V12.Test\Tyuiu.SamolovovaOA.Sprint6.Task2.V12.Test.csproj", "{3A158A64-93C2-46BD-A6BE-45F0ED9ADED7}"
EndProject
Project("{FAE04EC0-301F-11D3-BF4B-00C04F79EFBC}") = "Tyuiu.SamolovovaOA.Sprint6.Task3.V20", "Tyuiu.SamolovovaOA.Sprint6.Task3.V20\Tyuiu.SamolovovaOA.Sprint6.Task3.V20.csproj", "{D8859427-903F-44DB-BAC0-0F7BBCA93D2B}"
EndProject
Project("{FAE04EC0-301F-11D3-BF4B-00C04F79EFBC}") = "Tyuiu.SamolovovaOA.Sprint6.Task3.V20.Lib", "Tyuiu.SamolovovaOA.Sprint6.Task3.V20.Lib\Tyuiu.SamolovovaOA.Sprint6.Task3.V20.Lib.csproj", "{1CAF16CD-51E7-4CBC-92A8-8C518C0E4527}"
EndProject
Project("{FAE04EC0-301F-11D3-BF4B-00C04F79EFBC}") = "Tyuiu.SamolovovaOA.Sprint6.Task3.V20.Test", "Tyuiu.SamolovovaOA.Sprint6.Task3.V20.Test\Tyuiu.SamolovovaOA.Sprint6.Task3.V20.Test.csproj", "{23D95133-3A72-4C3B-9922-E47D5ECF7913}"
EndProject
Project("{FAE04EC0-301F-11D3-BF4B-00C04F79EFBC}") = "Tyuiu.SamolovovaOA.Sprint6.Task4.V23", "Tyuiu.SamolovovaOA.Sprint6.Task4.V23\Tyuiu.SamolovovaOA.Sprint6.Task4.V23.csproj", "{011F6A14-0A98-45AB-94A4-3887F082CFA5}"
EndProject
Project("{FAE04EC0-301F-11D3-BF4B-00C04F79EFBC}") = "Tyuiu.SamolovovaOA.Sprint6.Task4.V23.Lib", "Tyuiu.SamolovovaOA.Sprint6.Task4.V23.Lib\Tyuiu.SamolovovaOA.Sprint6.Task4.V23.Lib.csproj", "{ED0DB3DD-E987-4CA0-9456-E6F6063E41DD}"
EndProject
Project("{FAE04EC0-301F-11D3-BF4B-00C04F79EFBC}") = "Tyuiu.SamolovovaOA.Sprint6.Task4.V23.Test", "Tyuiu.SamolovovaOA.Sprint6.Task4.V23.Test\Tyuiu.SamolovovaOA.Sprint6.Task4.V23.Test.csproj", "{8966EBFE-61E0-4DA0-AF37-12971C669184}"
EndProject
Global
	GlobalSection(SolutionConfigurationPlatforms) = preSolution
		Debug|Any CPU = Debug|Any CPU
		Release|Any CPU = Release|Any CPU
	EndGlobalSection
	GlobalSection(ProjectConfigurationPlatforms) = postSolution
		{1D0DCC20-6BE7-42CB-87C5-CA6D8E9D1FE9}.Debug|Any CPU.ActiveCfg = Debug|Any CPU
		{1D0DCC20-6BE7-42CB-87C5-CA6D8E9D1FE9}.Debug|Any CPU.Build.0 = Debug|Any CPU
		{1D0DCC20-6BE7-42CB-87C5-CA6D8E9D1FE9}.Release|Any CPU.ActiveCfg = Release|Any CPU
		{1D0DCC20-6BE7-42CB-87C5-CA6D8E9D1FE9}.Release|Any CPU.Build.0 = Release|Any CPU
		{18AF8C91-2F3E-44A5-9D0A-6033E176FEC3}.Debug|Any CPU.ActiveCfg = Debug|Any CPU
		{18AF8C91-2F3E-44A5-9D0A-6033E176FEC3}.Debug|Any CPU.Build.0 = Debug|Any CPU
		{18AF8C91-2F3E-44A5-9D0A-6033E176FEC3}.Release|Any CPU.ActiveCfg = Release|Any CPU
		{18AF8C91-2F3E-44A5-9D0A-6033E176FEC3}.Release|Any CPU.Build.0 = Release|Any CPU
		{CB2E6F1C-3A3C-4FAA-8B7E-D646AD68A3B5}.Debug|Any CPU.ActiveCfg = Debug|Any CPU
		{CB2E6F1C-3A3C-4FAA-8B7E-D646AD68A3B5}.Debug|Any CPU.Build.0 = Debug|Any CPU
		{CB2E6F1C-3A3C-4FAA-8B7E-D646AD68A3B5}.Release|Any CPU.ActiveCfg = Release|Any CPU
		{CB2E6F1C-3A3C-4FAA-8B7E-D646AD68A3B5}.Release|Any CPU.Build.0 = Release|Any CPU
		{CFF0EC5F-01F3-4AE2-BBF8-83197179BD6C}.Debug|Any CPU.ActiveCfg = Debug|Any CPU
		{CFF0EC5F-01F3-4AE2-BBF8-83197179BD6C}.Debug|Any CPU.Build.0 = Debug|Any CPU
		{CFF0EC5F-01F3-4AE2-BBF8-83197179BD6C}.Release|Any CPU.ActiveCfg = Release|Any CPU
		{CFF0EC5F-01F3-4AE2-BBF8-83197179BD6C}.Release|Any CPU.Build.0 = Release|Any CPU
		{410621E3-B1D0-462C-8D34-A9B3E284F20F}.Debug|Any CPU.ActiveCfg = Debug|Any CPU
		{410621E3-B1D0-462C-8D34-A9B3E284F20F}.Debug|Any CPU.Build.0 = Debug|Any CPU
		{410621E3-B1D0-462C-8D34-A9B3E284F20F}.Release|Any CPU.ActiveCfg = Release|Any CPU
		{410621E3-B1D0-462C-8D34-A9B3E284F20F}.Release|Any CPU.Build.0 = Release|Any CPU
		{7A768EF5-41C5-438A-B8A6-B35FC88A3892}.Debug|Any CPU.ActiveCfg = Debug|Any CPU
		{7A768EF5-41C5-438A-B8A6-B35FC88A3892}.Debug|Any CPU.Build.0 = Debug|Any CPU
		{7A768EF5-41C5-438A-B8A6-B35FC88A3892}.Release|Any CPU.ActiveCfg = Release|Any CPU
		{7A768EF5-41C5-438A-B8A6-B35FC88A3892}.Release|Any CPU.Build.0 = Release|Any CPU
		{3350B88C-531E-40C7-A5AE-B5F2CF4184CF}.Debug|Any CPU.ActiveCfg = Debug|Any CPU
		{3350B88C-531E-40C7-A5AE-B5F2CF4184CF}.Debug|Any CPU.Build.0 = Debug|Any CPU
		{3350B88C-531E-40C7-A5AE-B5F2CF4184CF}.Release|Any CPU.ActiveCfg = Release|Any CPU
		{3350B88C-531E-40C7-A5AE-B5F2CF4184CF}.Release|Any CPU.Build.0 = Release|Any CPU
		{C060947B-FC3D-48F8-93A0-19E5E825AF99}.Debug|Any CPU.ActiveCfg = Debug|Any CPU
		{C060947B-FC3D-48F8-93A0-19E5E825AF99}.Debug|Any CPU.Build.0 = Debug|Any CPU
		{C060947B-FC3D-48F8-93A0-19E5E825AF99}.Release|Any CPU.ActiveCfg = Release|Any CPU
		{C060947B-FC3D-48F8-93A0-19E5E825AF99}.Release|Any CPU.Build.0 = Release|Any CPU
		{3A158A64-93C2-46BD-A6BE-45F0ED9ADED7}.Debug|Any CPU.ActiveCfg = Debug|Any CPU
		{3A158A64-93C2-46BD-A6BE-45F0ED9ADED7}.Debug|Any CPU.Build.0 = Debug|Any CPU
		{3A158A64-93C2-46BD-A6BE-45F0ED9ADED7}.Release|Any CPU.ActiveCfg = Release|Any CPU
		{3A158A64-93C2-46BD-A6BE-45F0ED9ADED7}.Release|Any CPU.Build.0 = Release|Any CPU
		{D8859427-903F-44DB-BAC0-0F7BBCA93D2B}.Debug|Any CPU.ActiveCfg = Debug|Any CPU
		{D8859427-903F-44DB-BAC0-0F7BBCA93D2B}.Debug|Any CPU.Build.0 = Debug|Any CPU
		{D8859427-903F-44DB-BAC0-0F7BBCA93D2B}.Release|Any CPU.ActiveCfg = Release|Any CPU
		{D8859427-903F-44DB-BAC0-0F7BBCA93D2B}.Release|Any CPU.Build.0 = Release|Any CPU
		{1CAF16CD-51E7-4CBC-92A8-8C518C0E4527}.Debug|Any CPU.ActiveCfg = Debug|Any CPU
		{1CAF16CD-51E7-4CBC-92A8-8C518C0E4527}.Debug|Any CPU.Build.0 = Debug|Any CPU
		{1CAF16CD-51E7-4CBC-92A8-8C518C0E4527}.Release|Any CPU.ActiveCfg = Release|Any CPU
		{1CAF16CD-51E7-4CBC-92A8-8C518C0E4527}.Release|Any CPU.Build.0 = Release|Any CPU
		{23D95133-3A72-4C3B-9922-E47D5ECF7913}.Debug|Any CPU.ActiveCfg = Debug|Any CPU
		{23D95133-3A72-4C3B-9922-E47D5ECF7913}.Debug|Any CPU.Build.0 = Debug|Any CPU
		{23D95133-3A72-4C3B-9922-E47D5ECF7913}.Release|Any CPU.ActiveCfg = Release|Any CPU
		{23D95133-3A72-4C3B-9922-E47D5ECF7913}.Release|Any CPU.Build.0 = Release|Any CPU
		{011F6A14-0A98-45AB-94A4-3887F082CFA5}.Debug|Any CPU.ActiveCfg = Debug|Any CPU
		{011F6A14-0A98-45AB-94A4-3887F082CFA5}.Debug|Any CPU.Build.0 = Debug|Any CPU
		{011F6A14-0A98-45AB-94A4-3887F082CFA5}.Release|Any CPU.ActiveCfg = Release|Any CPU
		{011F6A14-0A98-45AB-94A4-3887F082CFA5}.Release|Any CPU.Build.0 = Release|Any CPU
		{ED0DB3DD-E987-4CA0-9456-E6F6063E41DD}.Debug|Any CPU.ActiveCfg = Debug|Any CPU
		{ED0DB3DD-E987-4CA0-9456-E6F6063E41DD}.Debug|Any CPU.Build.0 = Debug|Any CPU
		{ED0DB3DD-E987-4CA0-9456-E6F6063E41DD}.Release|Any CPU.ActiveCfg = Release|Any CPU
		{ED0DB3DD-E987-4CA0-9456-E6F6063E41DD}.Release|Any CPU.Build.0 = Release|Any CPU
		{8966EBFE-61E0-4DA0-AF37-12971C669184}.Debug|Any CPU.ActiveCfg = Debug|Any CPU
		{8966EBFE-61E0-4DA0-AF37-12971C669184}.Debug|Any CPU.Build.0 = Debug|Any CPU
		{8966EBFE-61E0-4DA0-AF37-12971C669184}.Release|Any CPU.ActiveCfg = Release|Any CPU
		{8966EBFE-61E0-4DA0-AF37-12971C669184}.Release|Any CPU.Build.0 = Release|Any CPU
	EndGlobalSection
	GlobalSection(SolutionProperties) = preSolution
		HideSolutionNode = FALSE
	EndGlobalSection
	GlobalSection(NestedProjects) = preSolution
		{1D0DCC20-6BE7-42CB-87C5-CA6D8E9D1FE9} = {02EA681E-C7D8-13C7-8484-4AC65E1B71E8}
		{18AF8C91-2F3E-44A5-9D0A-6033E176FEC3} = {02EA681E-C7D8-13C7-8484-4AC65E1B71E8}
		{CB2E6F1C-3A3C-4FAA-8B7E-D646AD68A3B5} = {02EA681E-C7D8-13C7-8484-4AC65E1B71E8}
		{CFF0EC5F-01F3-4AE2-BBF8-83197179BD6C} = {5BA5124B-C749-4718-860E-C9CDB089FD4A}
		{410621E3-B1D0-462C-8D34-A9B3E284F20F} = {5BA5124B-C749-4718-860E-C9CDB089FD4A}
		{7A768EF5-41C5-438A-B8A6-B35FC88A3892} = {5BA5124B-C749-4718-860E-C9CDB089FD4A}
		{3350B88C-531E-40C7-A5AE-B5F2CF4184CF} = {AD39F88B-BE46-4CE7-8007-21F409EDAA5B}
		{C060947B-FC3D-48F8-93A0-19E5E825AF99} = {AD39F88B-BE46-4CE7-8007-21F409EDAA5B}
		{3A158A64-93C2-46BD-A6BE-45F0ED9ADED7} = {AD39F88B-BE46-4CE7-8007-21F409EDAA5B}
		{D8859427-903F-44DB-BAC0-0F7BBCA93D2B} = {6A42CF6A-35D8-450A-9654-806C31F94ED0}
		{1CAF16CD-51E7-4CBC-92A8-8C518C0E4527} = {6A42CF6A-35D8-450A-9654-806C31F94ED0}
		{23D95133-3A72-4C3B-9922-E47D5ECF7913} = {6A42CF6A-35D8-450A-9654-806C31F94ED0}
		{011F6A14-0A98-45AB-94A4-3887F082CFA5} = {1B040947-D243-452E-A18B-CDA35AB37903}
		{ED0DB3DD-E987-4CA0-9456-E6F6063E41DD} = {1B040947-D243-452E-A18B-CDA35AB37903}
		{8966EBFE-61E0-4DA0-AF37-12971C669184} = {1B040947-D243-452E-A18B-CDA35AB37903}
	EndGlobalSection
	GlobalSection(ExtensibilityGlobals) = postSolution
		SolutionGuid = {D4B4C87E-ADBE-487F-878A-A471982B900F}
	EndGlobalSection
EndGlobal
